
Microsoft Visual Studio Solution File, Format Version 12.00
# Visual Studio Version 17
VisualStudioVersion = 17.7.34024.191
MinimumVisualStudioVersion = 10.0.40219.1
Project("{FAE04EC0-301F-11D3-BF4B-00C04F79EFBC}") = "Blog.API", "Blog.API.csproj", "{6DFE1D33-FD17-4A3B-8F5D-B6F301E115D5}"
EndProject
Global
	GlobalSection(SolutionConfigurationPlatforms) = preSolution
		Debug|Any CPU = Debug|Any CPU
		Release|Any CPU = Release|Any CPU
	EndGlobalSection
	GlobalSection(ProjectConfigurationPlatforms) = postSolution
		{6DFE1D33-FD17-4A3B-8F5D-B6F301E115D5}.Debug|Any CPU.ActiveCfg = Debug|Any CPU
		{6DFE1D33-FD17-4A3B-8F5D-B6F301E115D5}.Debug|Any CPU.Build.0 = Debug|Any CPU
		{6DFE1D33-FD17-4A3B-8F5D-B6F301E115D5}.Release|Any CPU.ActiveCfg = Release|Any CPU
		{6DFE1D33-FD17-4A3B-8F5D-B6F301E115D5}.Release|Any CPU.Build.0 = Release|Any CPU
	EndGlobalSection
	GlobalSection(SolutionProperties) = preSolution
		HideSolutionNode = FALSE
	EndGlobalSection
	GlobalSection(ExtensibilityGlobals) = postSolution
		SolutionGuid = {2E431B56-E89F-47CD-BA64-81D517390483}
	EndGlobalSection
EndGlobal
